
Microsoft Visual Studio Solution File, Format Version 11.00
# Visual Studio 2010
Project("{FAE04EC0-301F-11D3-BF4B-00C04F79EFBC}") = "Assembly-CSharp", "Assembly-CSharp.csproj", "{4d90472c-7946-064f-9bba-2a0cca1ad25e}"
EndProject
Project("{FAE04EC0-301F-11D3-BF4B-00C04F79EFBC}") = "Assembly-CSharp-Editor", "Assembly-CSharp-Editor.csproj", "{8fce030d-ab02-784b-4dbb-950ccbc6b03d}"
EndProject
Global
	GlobalSection(SolutionConfigurationPlatforms) = preSolution
		Debug|Any CPU = Debug|Any CPU
	EndGlobalSection
	GlobalSection(ProjectConfigurationPlatforms) = postSolution
		{4d90472c-7946-064f-9bba-2a0cca1ad25e}.Debug|Any CPU.ActiveCfg = Debug|Any CPU
		{4d90472c-7946-064f-9bba-2a0cca1ad25e}.Debug|Any CPU.Build.0 = Debug|Any CPU
		{8fce030d-ab02-784b-4dbb-950ccbc6b03d}.Debug|Any CPU.ActiveCfg = Debug|Any CPU
		{8fce030d-ab02-784b-4dbb-950ccbc6b03d}.Debug|Any CPU.Build.0 = Debug|Any CPU
	EndGlobalSection
	GlobalSection(SolutionProperties) = preSolution
		HideSolutionNode = FALSE
	EndGlobalSection
EndGlobal
